// !$*UTF8*$!
{
	archiveVersion = 1;
	classes = {
	};
	objectVersion = 55;
	objects = {

/* Begin PBXBuildFile section */
		D04E5C1B280735C200D94AD4 /* AppDelegate.swift in Sources */ = {isa = PBXBuildFile; fileRef = D04E5C1A280735C200D94AD4 /* AppDelegate.swift */; };
		D04E5C1D280735C200D94AD4 /* SceneDelegate.swift in Sources */ = {isa = PBXBuildFile; fileRef = D04E5C1C280735C200D94AD4 /* SceneDelegate.swift */; };
		D04E5C1F280735C200D94AD4 /* ViewController.swift in Sources */ = {isa = PBXBuildFile; fileRef = D04E5C1E280735C200D94AD4 /* ViewController.swift */; };
		D04E5C22280735C200D94AD4 /* Main.storyboard in Resources */ = {isa = PBXBuildFile; fileRef = D04E5C20280735C200D94AD4 /* Main.storyboard */; };
		D04E5C24280735C400D94AD4 /* Assets.xcassets in Resources */ = {isa = PBXBuildFile; fileRef = D04E5C23280735C400D94AD4 /* Assets.xcassets */; };
		D04E5C27280735C400D94AD4 /* LaunchScreen.storyboard in Resources */ = {isa = PBXBuildFile; fileRef = D04E5C25280735C400D94AD4 /* LaunchScreen.storyboard */; };
		D04E5C32280735C400D94AD4 /* IPSLessonViewerTests.swift in Sources */ = {isa = PBXBuildFile; fileRef = D04E5C31280735C400D94AD4 /* IPSLessonViewerTests.swift */; };
		D04E5C3C280735C400D94AD4 /* IPSLessonViewerUITests.swift in Sources */ = {isa = PBXBuildFile; fileRef = D04E5C3B280735C400D94AD4 /* IPSLessonViewerUITests.swift */; };
		D04E5C3E280735C400D94AD4 /* IPSLessonViewerUITestsLaunchTests.swift in Sources */ = {isa = PBXBuildFile; fileRef = D04E5C3D280735C400D94AD4 /* IPSLessonViewerUITestsLaunchTests.swift */; };
		D04E5C4E2807360400D94AD4 /* LessonsModel.swift in Sources */ = {isa = PBXBuildFile; fileRef = D04E5C4D2807360400D94AD4 /* LessonsModel.swift */; };
		D04E5C512807365700D94AD4 /* LessonsEndpoint.swift in Sources */ = {isa = PBXBuildFile; fileRef = D04E5C502807365700D94AD4 /* LessonsEndpoint.swift */; };
/* End PBXBuildFile section */

/* Begin PBXContainerItemProxy section */
		D04E5C2E280735C400D94AD4 /* PBXContainerItemProxy */ = {
			isa = PBXContainerItemProxy;
			containerPortal = D04E5C0F280735C200D94AD4 /* Project object */;
			proxyType = 1;
			remoteGlobalIDString = D04E5C16280735C200D94AD4;
			remoteInfo = IPSLessonViewer;
		};
		D04E5C38280735C400D94AD4 /* PBXContainerItemProxy */ = {
			isa = PBXContainerItemProxy;
			containerPortal = D04E5C0F280735C200D94AD4 /* Project object */;
			proxyType = 1;
			remoteGlobalIDString = D04E5C16280735C200D94AD4;
			remoteInfo = IPSLessonViewer;
		};
/* End PBXContainerItemProxy section */

/* Begin PBXFileReference section */
		D04E5C17280735C200D94AD4 /* IPSLessonViewer.app */ = {isa = PBXFileReference; explicitFileType = wrapper.application; includeInIndex = 0; path = IPSLessonViewer.app; sourceTree = BUILT_PRODUCTS_DIR; };
		D04E5C1A280735C200D94AD4 /* AppDelegate.swift */ = {isa = PBXFileReference; lastKnownFileType = sourcecode.swift; path = AppDelegate.swift; sourceTree = "<group>"; };
		D04E5C1C280735C200D94AD4 /* SceneDelegate.swift */ = {isa = PBXFileReference; lastKnownFileType = sourcecode.swift; path = SceneDelegate.swift; sourceTree = "<group>"; };
		D04E5C1E280735C200D94AD4 /* ViewController.swift */ = {isa = PBXFileReference; lastKnownFileType = sourcecode.swift; path = ViewController.swift; sourceTree = "<group>"; };
		D04E5C21280735C200D94AD4 /* Base */ = {isa = PBXFileReference; lastKnownFileType = file.storyboard; name = Base; path = Base.lproj/Main.storyboard; sourceTree = "<group>"; };
		D04E5C23280735C400D94AD4 /* Assets.xcassets */ = {isa = PBXFileReference; lastKnownFileType = folder.assetcatalog; path = Assets.xcassets; sourceTree = "<group>"; };
		D04E5C26280735C400D94AD4 /* Base */ = {isa = PBXFileReference; lastKnownFileType = file.storyboard; name = Base; path = Base.lproj/LaunchScreen.storyboard; sourceTree = "<group>"; };
		D04E5C28280735C400D94AD4 /* Info.plist */ = {isa = PBXFileReference; lastKnownFileType = text.plist.xml; path = Info.plist; sourceTree = "<group>"; };
		D04E5C2D280735C400D94AD4 /* IPSLessonViewerTests.xctest */ = {isa = PBXFileReference; explicitFileType = wrapper.cfbundle; includeInIndex = 0; path = IPSLessonViewerTests.xctest; sourceTree = BUILT_PRODUCTS_DIR; };
		D04E5C31280735C400D94AD4 /* IPSLessonViewerTests.swift */ = {isa = PBXFileReference; lastKnownFileType = sourcecode.swift; path = IPSLessonViewerTests.swift; sourceTree = "<group>"; };
		D04E5C37280735C400D94AD4 /* IPSLessonViewerUITests.xctest */ = {isa = PBXFileReference; explicitFileType = wrapper.cfbundle; includeInIndex = 0; path = IPSLessonViewerUITests.xctest; sourceTree = BUILT_PRODUCTS_DIR; };
		D04E5C3B280735C400D94AD4 /* IPSLessonViewerUITests.swift */ = {isa = PBXFileReference; lastKnownFileType = sourcecode.swift; path = IPSLessonViewerUITests.swift; sourceTree = "<group>"; };
		D04E5C3D280735C400D94AD4 /* IPSLessonViewerUITestsLaunchTests.swift */ = {isa = PBXFileReference; lastKnownFileType = sourcecode.swift; path = IPSLessonViewerUITestsLaunchTests.swift; sourceTree = "<group>"; };
		D04E5C4D2807360400D94AD4 /* LessonsModel.swift */ = {isa = PBXFileReference; lastKnownFileType = sourcecode.swift; path = LessonsModel.swift; sourceTree = "<group>"; };
		D04E5C502807365700D94AD4 /* LessonsEndpoint.swift */ = {isa = PBXFileReference; lastKnownFileType = sourcecode.swift; path = LessonsEndpoint.swift; sourceTree = "<group>"; };
/* End PBXFileReference section */

/* Begin PBXFrameworksBuildPhase section */
		D04E5C14280735C200D94AD4 /* Frameworks */ = {
			isa = PBXFrameworksBuildPhase;
			buildActionMask = 2147483647;
			files = (
			);
			runOnlyForDeploymentPostprocessing = 0;
		};
		D04E5C2A280735C400D94AD4 /* Frameworks */ = {
			isa = PBXFrameworksBuildPhase;
			buildActionMask = 2147483647;
			files = (
			);
			runOnlyForDeploymentPostprocessing = 0;
		};
		D04E5C34280735C400D94AD4 /* Frameworks */ = {
			isa = PBXFrameworksBuildPhase;
			buildActionMask = 2147483647;
			files = (
			);
			runOnlyForDeploymentPostprocessing = 0;
		};
/* End PBXFrameworksBuildPhase section */

/* Begin PBXGroup section */
		D04E5C0E280735C200D94AD4 = {
			isa = PBXGroup;
			children = (
				D04E5C19280735C200D94AD4 /* IPSLessonViewer */,
				D04E5C30280735C400D94AD4 /* IPSLessonViewerTests */,
				D04E5C3A280735C400D94AD4 /* IPSLessonViewerUITests */,
				D04E5C18280735C200D94AD4 /* Products */,
			);
			sourceTree = "<group>";
		};
		D04E5C18280735C200D94AD4 /* Products */ = {
			isa = PBXGroup;
			children = (
				D04E5C17280735C200D94AD4 /* IPSLessonViewer.app */,
				D04E5C2D280735C400D94AD4 /* IPSLessonViewerTests.xctest */,
				D04E5C37280735C400D94AD4 /* IPSLessonViewerUITests.xctest */,
			);
			name = Products;
			sourceTree = "<group>";
		};
		D04E5C19280735C200D94AD4 /* IPSLessonViewer */ = {
			isa = PBXGroup;
			children = (
				D04E5C4F2807364C00D94AD4 /* Endpoint */,
				D04E5C4C280735F000D94AD4 /* Model */,
				D04E5C4B280735DC00D94AD4 /* Views */,
				D04E5C4A280735CA00D94AD4 /* Misc */,
				D04E5C28280735C400D94AD4 /* Info.plist */,
			);
			path = IPSLessonViewer;
			sourceTree = "<group>";
		};
		D04E5C30280735C400D94AD4 /* IPSLessonViewerTests */ = {
			isa = PBXGroup;
			children = (
				D04E5C31280735C400D94AD4 /* IPSLessonViewerTests.swift */,
			);
			path = IPSLessonViewerTests;
			sourceTree = "<group>";
		};
		D04E5C3A280735C400D94AD4 /* IPSLessonViewerUITests */ = {
			isa = PBXGroup;
			children = (
				D04E5C3B280735C400D94AD4 /* IPSLessonViewerUITests.swift */,
				D04E5C3D280735C400D94AD4 /* IPSLessonViewerUITestsLaunchTests.swift */,
			);
			path = IPSLessonViewerUITests;
			sourceTree = "<group>";
		};
		D04E5C4A280735CA00D94AD4 /* Misc */ = {
			isa = PBXGroup;
			children = (
				D04E5C1A280735C200D94AD4 /* AppDelegate.swift */,
				D04E5C1C280735C200D94AD4 /* SceneDelegate.swift */,
				D04E5C20280735C200D94AD4 /* Main.storyboard */,
				D04E5C25280735C400D94AD4 /* LaunchScreen.storyboard */,
				D04E5C23280735C400D94AD4 /* Assets.xcassets */,
			);
			path = Misc;
			sourceTree = "<group>";
		};
		D04E5C4B280735DC00D94AD4 /* Views */ = {
			isa = PBXGroup;
			children = (
				D04E5C1E280735C200D94AD4 /* ViewController.swift */,
			);
			path = Views;
			sourceTree = "<group>";
		};
		D04E5C4C280735F000D94AD4 /* Model */ = {
			isa = PBXGroup;
			children = (
				D04E5C4D2807360400D94AD4 /* LessonsModel.swift */,
			);
			path = Model;
			sourceTree = "<group>";
		};
		D04E5C4F2807364C00D94AD4 /* Endpoint */ = {
			isa = PBXGroup;
			children = (
				D04E5C502807365700D94AD4 /* LessonsEndpoint.swift */,
			);
			path = Endpoint;
			sourceTree = "<group>";
		};
/* End PBXGroup section */

/* Begin PBXNativeTarget section */
		D04E5C16280735C200D94AD4 /* IPSLessonViewer */ = {
			isa = PBXNativeTarget;
			buildConfigurationList = D04E5C41280735C400D94AD4 /* Build configuration list for PBXNativeTarget "IPSLessonViewer" */;
			buildPhases = (
				D04E5C13280735C200D94AD4 /* Sources */,
				D04E5C14280735C200D94AD4 /* Frameworks */,
				D04E5C15280735C200D94AD4 /* Resources */,
			);
			buildRules = (
			);
			dependencies = (
			);
			name = IPSLessonViewer;
			productName = IPSLessonViewer;
			productReference = D04E5C17280735C200D94AD4 /* IPSLessonViewer.app */;
			productType = "com.apple.product-type.application";
		};
		D04E5C2C280735C400D94AD4 /* IPSLessonViewerTests */ = {
			isa = PBXNativeTarget;
			buildConfigurationList = D04E5C44280735C400D94AD4 /* Build configuration list for PBXNativeTarget "IPSLessonViewerTests" */;
			buildPhases = (
				D04E5C29280735C400D94AD4 /* Sources */,
				D04E5C2A280735C400D94AD4 /* Frameworks */,
				D04E5C2B280735C400D94AD4 /* Resources */,
			);
			buildRules = (
			);
			dependencies = (
				D04E5C2F280735C400D94AD4 /* PBXTargetDependency */,
			);
			name = IPSLessonViewerTests;
			productName = IPSLessonViewerTests;
			productReference = D04E5C2D280735C400D94AD4 /* IPSLessonViewerTests.xctest */;
			productType = "com.apple.product-type.bundle.unit-test";
		};
		D04E5C36280735C400D94AD4 /* IPSLessonViewerUITests */ = {
			isa = PBXNativeTarget;
			buildConfigurationList = D04E5C47280735C400D94AD4 /* Build configuration list for PBXNativeTarget "IPSLessonViewerUITests" */;
			buildPhases = (
				D04E5C33280735C400D94AD4 /* Sources */,
				D04E5C34280735C400D94AD4 /* Frameworks */,
				D04E5C35280735C400D94AD4 /* Resources */,
			);
			buildRules = (
			);
			dependencies = (
				D04E5C39280735C400D94AD4 /* PBXTargetDependency */,
			);
			name = IPSLessonViewerUITests;
			productName = IPSLessonViewerUITests;
			productReference = D04E5C37280735C400D94AD4 /* IPSLessonViewerUITests.xctest */;
			productType = "com.apple.product-type.bundle.ui-testing";
		};
/* End PBXNativeTarget section */

/* Begin PBXProject section */
		D04E5C0F280735C200D94AD4 /* Project object */ = {
			isa = PBXProject;
			attributes = {
				BuildIndependentTargetsInParallel = 1;
				LastSwiftUpdateCheck = 1330;
				LastUpgradeCheck = 1330;
				TargetAttributes = {
					D04E5C16280735C200D94AD4 = {
						CreatedOnToolsVersion = 13.3;
					};
					D04E5C2C280735C400D94AD4 = {
						CreatedOnToolsVersion = 13.3;
						TestTargetID = D04E5C16280735C200D94AD4;
					};
					D04E5C36280735C400D94AD4 = {
						CreatedOnToolsVersion = 13.3;
						TestTargetID = D04E5C16280735C200D94AD4;
					};
				};
			};
			buildConfigurationList = D04E5C12280735C200D94AD4 /* Build configuration list for PBXProject "IPSLessonViewer" */;
			compatibilityVersion = "Xcode 13.0";
			developmentRegion = en;
			hasScannedForEncodings = 0;
			knownRegions = (
				en,
				Base,
			);
			mainGroup = D04E5C0E280735C200D94AD4;
			productRefGroup = D04E5C18280735C200D94AD4 /* Products */;
			projectDirPath = "";
			projectRoot = "";
			targets = (
				D04E5C16280735C200D94AD4 /* IPSLessonViewer */,
				D04E5C2C280735C400D94AD4 /* IPSLessonViewerTests */,
				D04E5C36280735C400D94AD4 /* IPSLessonViewerUITests */,
			);
		};
/* End PBXProject section */

/* Begin PBXResourcesBuildPhase section */
		D04E5C15280735C200D94AD4 /* Resources */ = {
			isa = PBXResourcesBuildPhase;
			buildActionMask = 2147483647;
			files = (
				D04E5C27280735C400D94AD4 /* LaunchScreen.storyboard in Resources */,
				D04E5C24280735C400D94AD4 /* Assets.xcassets in Resources */,
				D04E5C22280735C200D94AD4 /* Main.storyboard in Resources */,
			);
			runOnlyForDeploymentPostprocessing = 0;
		};
		D04E5C2B280735C400D94AD4 /* Resources */ = {
			isa = PBXResourcesBuildPhase;
			buildActionMask = 2147483647;
			files = (
			);
			runOnlyForDeploymentPostprocessing = 0;
		};
		D04E5C35280735C400D94AD4 /* Resources */ = {
			isa = PBXResourcesBuildPhase;
			buildActionMask = 2147483647;
			files = (
			);
			runOnlyForDeploymentPostprocessing = 0;
		};
/* End PBXResourcesBuildPhase section */

/* Begin PBXSourcesBuildPhase section */
		D04E5C13280735C200D94AD4 /* Sources */ = {
			isa = PBXSourcesBuildPhase;
			buildActionMask = 2147483647;
			files = (
				D04E5C1F280735C200D94AD4 /* ViewController.swift in Sources */,
				D04E5C4E2807360400D94AD4 /* LessonsModel.swift in Sources */,
				D04E5C1B280735C200D94AD4 /* AppDelegate.swift in Sources */,
				D04E5C512807365700D94AD4 /* LessonsEndpoint.swift in Sources */,
				D04E5C1D280735C200D94AD4 /* SceneDelegate.swift in Sources */,
			);
			runOnlyForDeploymentPostprocessing = 0;
		};
		D04E5C29280735C400D94AD4 /* Sources */ = {
			isa = PBXSourcesBuildPhase;
			buildActionMask = 2147483647;
			files = (
				D04E5C32280735C400D94AD4 /* IPSLessonViewerTests.swift in Sources */,
			);
			runOnlyForDeploymentPostprocessing = 0;
		};
		D04E5C33280735C400D94AD4 /* Sources */ = {
			isa = PBXSourcesBuildPhase;
			buildActionMask = 2147483647;
			files = (
				D04E5C3C280735C400D94AD4 /* IPSLessonViewerUITests.swift in Sources */,
				D04E5C3E280735C400D94AD4 /* IPSLessonViewerUITestsLaunchTests.swift in Sources */,
			);
			runOnlyForDeploymentPostprocessing = 0;
		};
/* End PBXSourcesBuildPhase section */

/* Begin PBXTargetDependency section */
		D04E5C2F280735C400D94AD4 /* PBXTargetDependency */ = {
			isa = PBXTargetDependency;
			target = D04E5C16280735C200D94AD4 /* IPSLessonViewer */;
			targetProxy = D04E5C2E280735C400D94AD4 /* PBXContainerItemProxy */;
		};
		D04E5C39280735C400D94AD4 /* PBXTargetDependency */ = {
			isa = PBXTargetDependency;
			target = D04E5C16280735C200D94AD4 /* IPSLessonViewer */;
			targetProxy = D04E5C38280735C400D94AD4 /* PBXContainerItemProxy */;
		};
/* End PBXTargetDependency section */

/* Begin PBXVariantGroup section */
		D04E5C20280735C200D94AD4 /* Main.storyboard */ = {
			isa = PBXVariantGroup;
			children = (
				D04E5C21280735C200D94AD4 /* Base */,
			);
			name = Main.storyboard;
			sourceTree = "<group>";
		};
		D04E5C25280735C400D94AD4 /* LaunchScreen.storyboard */ = {
			isa = PBXVariantGroup;
			children = (
				D04E5C26280735C400D94AD4 /* Base */,
			);
			name = LaunchScreen.storyboard;
			sourceTree = "<group>";
		};
/* End PBXVariantGroup section */

/* Begin XCBuildConfiguration section */
		D04E5C3F280735C400D94AD4 /* Debug */ = {
			isa = XCBuildConfiguration;
			buildSettings = {
				ALWAYS_SEARCH_USER_PATHS = NO;
				CLANG_ANALYZER_NONNULL = YES;
				CLANG_ANALYZER_NUMBER_OBJECT_CONVERSION = YES_AGGRESSIVE;
				CLANG_CXX_LANGUAGE_STANDARD = "gnu++17";
				CLANG_ENABLE_MODULES = YES;
				CLANG_ENABLE_OBJC_ARC = YES;
				CLANG_ENABLE_OBJC_WEAK = YES;
				CLANG_WARN_BLOCK_CAPTURE_AUTORELEASING = YES;
				CLANG_WARN_BOOL_CONVERSION = YES;
				CLANG_WARN_COMMA = YES;
				CLANG_WARN_CONSTANT_CONVERSION = YES;
				CLANG_WARN_DEPRECATED_OBJC_IMPLEMENTATIONS = YES;
				CLANG_WARN_DIRECT_OBJC_ISA_USAGE = YES_ERROR;
				CLANG_WARN_DOCUMENTATION_COMMENTS = YES;
				CLANG_WARN_EMPTY_BODY = YES;
				CLANG_WARN_ENUM_CONVERSION = YES;
				CLANG_WARN_INFINITE_RECURSION = YES;
				CLANG_WARN_INT_CONVERSION = YES;
				CLANG_WARN_NON_LITERAL_NULL_CONVERSION = YES;
				CLANG_WARN_OBJC_IMPLICIT_RETAIN_SELF = YES;
				CLANG_WARN_OBJC_LITERAL_CONVERSION = YES;
				CLANG_WARN_OBJC_ROOT_CLASS = YES_ERROR;
				CLANG_WARN_QUOTED_INCLUDE_IN_FRAMEWORK_HEADER = YES;
				CLANG_WARN_RANGE_LOOP_ANALYSIS = YES;
				CLANG_WARN_STRICT_PROTOTYPES = YES;
				CLANG_WARN_SUSPICIOUS_MOVE = YES;
				CLANG_WARN_UNGUARDED_AVAILABILITY = YES_AGGRESSIVE;
				CLANG_WARN_UNREACHABLE_CODE = YES;
				CLANG_WARN__DUPLICATE_METHOD_MATCH = YES;
				COPY_PHASE_STRIP = NO;
				DEBUG_INFORMATION_FORMAT = dwarf;
				ENABLE_STRICT_OBJC_MSGSEND = YES;
				ENABLE_TESTABILITY = YES;
				GCC_C_LANGUAGE_STANDARD = gnu11;
				GCC_DYNAMIC_NO_PIC = NO;
				GCC_NO_COMMON_BLOCKS = YES;
				GCC_OPTIMIZATION_LEVEL = 0;
				GCC_PREPROCESSOR_DEFINITIONS = (
					"DEBUG=1",
					"$(inherited)",
				);
				GCC_WARN_64_TO_32_BIT_CONVERSION = YES;
				GCC_WARN_ABOUT_RETURN_TYPE = YES_ERROR;
				GCC_WARN_UNDECLARED_SELECTOR = YES;
				GCC_WARN_UNINITIALIZED_AUTOS = YES_AGGRESSIVE;
				GCC_WARN_UNUSED_FUNCTION = YES;
				GCC_WARN_UNUSED_VARIABLE = YES;
				IPHONEOS_DEPLOYMENT_TARGET = 15.4;
				MTL_ENABLE_DEBUG_INFO = INCLUDE_SOURCE;
				MTL_FAST_MATH = YES;
				ONLY_ACTIVE_ARCH = YES;
				SDKROOT = iphoneos;
				SWIFT_ACTIVE_COMPILATION_CONDITIONS = DEBUG;
				SWIFT_OPTIMIZATION_LEVEL = "-Onone";
			};
			name = Debug;
		};
		D04E5C40280735C400D94AD4 /* Release */ = {
			isa = XCBuildConfiguration;
			buildSettings = {
				ALWAYS_SEARCH_USER_PATHS = NO;
				CLANG_ANALYZER_NONNULL = YES;
				CLANG_ANALYZER_NUMBER_OBJECT_CONVERSION = YES_AGGRESSIVE;
				CLANG_CXX_LANGUAGE_STANDARD = "gnu++17";
				CLANG_ENABLE_MODULES = YES;
				CLANG_ENABLE_OBJC_ARC = YES;
				CLANG_ENABLE_OBJC_WEAK = YES;
				CLANG_WARN_BLOCK_CAPTURE_AUTORELEASING = YES;
				CLANG_WARN_BOOL_CONVERSION = YES;
				CLANG_WARN_COMMA = YES;
				CLANG_WARN_CONSTANT_CONVERSION = YES;
				CLANG_WARN_DEPRECATED_OBJC_IMPLEMENTATIONS = YES;
				CLANG_WARN_DIRECT_OBJC_ISA_USAGE = YES_ERROR;
				CLANG_WARN_DOCUMENTATION_COMMENTS = YES;
				CLANG_WARN_EMPTY_BODY = YES;
				CLANG_WARN_ENUM_CONVERSION = YES;
				CLANG_WARN_INFINITE_RECURSION = YES;
				CLANG_WARN_INT_CONVERSION = YES;
				CLANG_WARN_NON_LITERAL_NULL_CONVERSION = YES;
				CLANG_WARN_OBJC_IMPLICIT_RETAIN_SELF = YES;
				CLANG_WARN_OBJC_LITERAL_CONVERSION = YES;
				CLANG_WARN_OBJC_ROOT_CLASS = YES_ERROR;
				CLANG_WARN_QUOTED_INCLUDE_IN_FRAMEWORK_HEADER = YES;
				CLANG_WARN_RANGE_LOOP_ANALYSIS = YES;
				CLANG_WARN_STRICT_PROTOTYPES = YES;
				CLANG_WARN_SUSPICIOUS_MOVE = YES;
				CLANG_WARN_UNGUARDED_AVAILABILITY = YES_AGGRESSIVE;
				CLANG_WARN_UNREACHABLE_CODE = YES;
				CLANG_WARN__DUPLICATE_METHOD_MATCH = YES;
				COPY_PHASE_STRIP = NO;
				DEBUG_INFORMATION_FORMAT = "dwarf-with-dsym";
				ENABLE_NS_ASSERTIONS = NO;
				ENABLE_STRICT_OBJC_MSGSEND = YES;
				GCC_C_LANGUAGE_STANDARD = gnu11;
				GCC_NO_COMMON_BLOCKS = YES;
				GCC_WARN_64_TO_32_BIT_CONVERSION = YES;
				GCC_WARN_ABOUT_RETURN_TYPE = YES_ERROR;
				GCC_WARN_UNDECLARED_SELECTOR = YES;
				GCC_WARN_UNINITIALIZED_AUTOS = YES_AGGRESSIVE;
				GCC_WARN_UNUSED_FUNCTION = YES;
				GCC_WARN_UNUSED_VARIABLE = YES;
				IPHONEOS_DEPLOYMENT_TARGET = 15.4;
				MTL_ENABLE_DEBUG_INFO = NO;
				MTL_FAST_MATH = YES;
				SDKROOT = iphoneos;
				SWIFT_COMPILATION_MODE = wholemodule;
				SWIFT_OPTIMIZATION_LEVEL = "-O";
				VALIDATE_PRODUCT = YES;
			};
			name = Release;
		};
		D04E5C42280735C400D94AD4 /* Debug */ = {
			isa = XCBuildConfiguration;
			buildSettings = {
				ASSETCATALOG_COMPILER_APPICON_NAME = AppIcon;
				ASSETCATALOG_COMPILER_GLOBAL_ACCENT_COLOR_NAME = AccentColor;
				CODE_SIGN_STYLE = Automatic;
				CURRENT_PROJECT_VERSION = 1;
				DEVELOPMENT_TEAM = FZQXZ63VCV;
				GENERATE_INFOPLIST_FILE = YES;
				INFOPLIST_FILE = IPSLessonViewer/Info.plist;
				INFOPLIST_KEY_UIApplicationSupportsIndirectInputEvents = YES;
				INFOPLIST_KEY_UILaunchStoryboardName = LaunchScreen;
				INFOPLIST_KEY_UIMainStoryboardFile = Main;
				INFOPLIST_KEY_UISupportedInterfaceOrientations_iPad = "UIInterfaceOrientationPortrait UIInterfaceOrientationPortraitUpsideDown UIInterfaceOrientationLandscapeLeft UIInterfaceOrientationLandscapeRight";
				INFOPLIST_KEY_UISupportedInterfaceOrientations_iPhone = "UIInterfaceOrientationPortrait UIInterfaceOrientationLandscapeLeft UIInterfaceOrientationLandscapeRight";
				LD_RUNPATH_SEARCH_PATHS = (
					"$(inherited)",
					"@executable_path/Frameworks",
				);
				MARKETING_VERSION = 1.0;
				PRODUCT_BUNDLE_IDENTIFIER = azhartislam.IPSLessonViewer;
				PRODUCT_NAME = "$(TARGET_NAME)";
				SWIFT_EMIT_LOC_STRINGS = YES;
				SWIFT_VERSION = 5.0;
				TARGETED_DEVICE_FAMILY = "1,2";
			};
			name = Debug;
		};
		D04E5C43280735C400D94AD4 /* Release */ = {
			isa = XCBuildConfiguration;
			buildSettings = {
				ASSETCATALOG_COMPILER_APPICON_NAME = AppIcon;
				ASSETCATALOG_COMPILER_GLOBAL_ACCENT_COLOR_NAME = AccentColor;
				CODE_SIGN_STYLE = Automatic;
				CURRENT_PROJECT_VERSION = 1;
				DEVELOPMENT_TEAM = FZQXZ63VCV;
				GENERATE_INFOPLIST_FILE = YES;
				INFOPLIST_FILE = IPSLessonViewer/Info.plist;
				INFOPLIST_KEY_UIApplicationSupportsIndirectInputEvents = YES;
				INFOPLIST_KEY_UILaunchStoryboardName = LaunchScreen;
				INFOPLIST_KEY_UIMainStoryboardFile = Main;
				INFOPLIST_KEY_UISupportedInterfaceOrientations_iPad = "UIInterfaceOrientationPortrait UIInterfaceOrientationPortraitUpsideDown UIInterfaceOrientationLandscapeLeft UIInterfaceOrientationLandscapeRight";
				INFOPLIST_KEY_UISupportedInterfaceOrientations_iPhone = "UIInterfaceOrientationPortrait UIInterfaceOrientationLandscapeLeft UIInterfaceOrientationLandscapeRight";
				LD_RUNPATH_SEARCH_PATHS = (
					"$(inherited)",
					"@executable_path/Frameworks",
				);
				MARKETING_VERSION = 1.0;
				PRODUCT_BUNDLE_IDENTIFIER = azhartislam.IPSLessonViewer;
				PRODUCT_NAME = "$(TARGET_NAME)";
				SWIFT_EMIT_LOC_STRINGS = YES;
				SWIFT_VERSION = 5.0;
				TARGETED_DEVICE_FAMILY = "1,2";
			};
			name = Release;
		};
		D04E5C45280735C400D94AD4 /* Debug */ = {
			isa = XCBuildConfiguration;
			buildSettings = {
				ALWAYS_EMBED_SWIFT_STANDARD_LIBRARIES = YES;
				BUNDLE_LOADER = "$(TEST_HOST)";
				CODE_SIGN_STYLE = Automatic;
				CURRENT_PROJECT_VERSION = 1;
				DEVELOPMENT_TEAM = FZQXZ63VCV;
				GENERATE_INFOPLIST_FILE = YES;
				IPHONEOS_DEPLOYMENT_TARGET = 15.4;
				MARKETING_VERSION = 1.0;
				PRODUCT_BUNDLE_IDENTIFIER = azhartislam.IPSLessonViewerTests;
				PRODUCT_NAME = "$(TARGET_NAME)";
				SWIFT_EMIT_LOC_STRINGS = NO;
				SWIFT_VERSION = 5.0;
				TARGETED_DEVICE_FAMILY = "1,2";
				TEST_HOST = "$(BUILT_PRODUCTS_DIR)/IPSLessonViewer.app/IPSLessonViewer";
			};
			name = Debug;
		};
		D04E5C46280735C400D94AD4 /* Release */ = {
			isa = XCBuildConfiguration;
			buildSettings = {
				ALWAYS_EMBED_SWIFT_STANDARD_LIBRARIES = YES;
				BUNDLE_LOADER = "$(TEST_HOST)";
				CODE_SIGN_STYLE = Automatic;
				CURRENT_PROJECT_VERSION = 1;
				DEVELOPMENT_TEAM = FZQXZ63VCV;
				GENERATE_INFOPLIST_FILE = YES;
				IPHONEOS_DEPLOYMENT_TARGET = 15.4;
				MARKETING_VERSION = 1.0;
				PRODUCT_BUNDLE_IDENTIFIER = azhartislam.IPSLessonViewerTests;
				PRODUCT_NAME = "$(TARGET_NAME)";
				SWIFT_EMIT_LOC_STRINGS = NO;
				SWIFT_VERSION = 5.0;
				TARGETED_DEVICE_FAMILY = "1,2";
				TEST_HOST = "$(BUILT_PRODUCTS_DIR)/IPSLessonViewer.app/IPSLessonViewer";
			};
			name = Release;
		};
		D04E5C48280735C400D94AD4 /* Debug */ = {
			isa = XCBuildConfiguration;
			buildSettings = {
				ALWAYS_EMBED_SWIFT_STANDARD_LIBRARIES = YES;
				CODE_SIGN_STYLE = Automatic;
				CURRENT_PROJECT_VERSION = 1;
				DEVELOPMENT_TEAM = FZQXZ63VCV;
				GENERATE_INFOPLIST_FILE = YES;
				MARKETING_VERSION = 1.0;
				PRODUCT_BUNDLE_IDENTIFIER = azhartislam.IPSLessonViewerUITests;
				PRODUCT_NAME = "$(TARGET_NAME)";
				SWIFT_EMIT_LOC_STRINGS = NO;
				SWIFT_VERSION = 5.0;
				TARGETED_DEVICE_FAMILY = "1,2";
				TEST_TARGET_NAME = IPSLessonViewer;
			};
			name = Debug;
		};
		D04E5C49280735C400D94AD4 /* Release */ = {
			isa = XCBuildConfiguration;
			buildSettings = {
				ALWAYS_EMBED_SWIFT_STANDARD_LIBRARIES = YES;
				CODE_SIGN_STYLE = Automatic;
				CURRENT_PROJECT_VERSION = 1;
				DEVELOPMENT_TEAM = FZQXZ63VCV;
				GENERATE_INFOPLIST_FILE = YES;
				MARKETING_VERSION = 1.0;
				PRODUCT_BUNDLE_IDENTIFIER = azhartislam.IPSLessonViewerUITests;
				PRODUCT_NAME = "$(TARGET_NAME)";
				SWIFT_EMIT_LOC_STRINGS = NO;
				SWIFT_VERSION = 5.0;
				TARGETED_DEVICE_FAMILY = "1,2";
				TEST_TARGET_NAME = IPSLessonViewer;
			};
			name = Release;
		};
/* End XCBuildConfiguration section */

/* Begin XCConfigurationList section */
		D04E5C12280735C200D94AD4 /* Build configuration list for PBXProject "IPSLessonViewer" */ = {
			isa = XCConfigurationList;
			buildConfigurations = (
				D04E5C3F280735C400D94AD4 /* Debug */,
				D04E5C40280735C400D94AD4 /* Release */,
			);
			defaultConfigurationIsVisible = 0;
			defaultConfigurationName = Release;
		};
		D04E5C41280735C400D94AD4 /* Build configuration list for PBXNativeTarget "IPSLessonViewer" */ = {
			isa = XCConfigurationList;
			buildConfigurations = (
				D04E5C42280735C400D94AD4 /* Debug */,
				D04E5C43280735C400D94AD4 /* Release */,
			);
			defaultConfigurationIsVisible = 0;
			defaultConfigurationName = Release;
		};
		D04E5C44280735C400D94AD4 /* Build configuration list for PBXNativeTarget "IPSLessonViewerTests" */ = {
			isa = XCConfigurationList;
			buildConfigurations = (
				D04E5C45280735C400D94AD4 /* Debug */,
				D04E5C46280735C400D94AD4 /* Release */,
			);
			defaultConfigurationIsVisible = 0;
			defaultConfigurationName = Release;
		};
		D04E5C47280735C400D94AD4 /* Build configuration list for PBXNativeTarget "IPSLessonViewerUITests" */ = {
			isa = XCConfigurationList;
			buildConfigurations = (
				D04E5C48280735C400D94AD4 /* Debug */,
				D04E5C49280735C400D94AD4 /* Release */,
			);
			defaultConfigurationIsVisible = 0;
			defaultConfigurationName = Release;
		};
/* End XCConfigurationList section */
	};
	rootObject = D04E5C0F280735C200D94AD4 /* Project object */;
}
